
Microsoft Visual Studio Solution File, Format Version 12.00
# Visual Studio Version 17
VisualStudioVersion = 17.4.33205.214
MinimumVisualStudioVersion = 10.0.40219.1
Project("{FAE04EC0-301F-11D3-BF4B-00C04F79EFBC}") = "ERPSYS", "ERPSYS\ERPSYS.csproj", "{2B6B4E11-7AD4-4485-A356-5A239F106269}"
EndProject
Global
	GlobalSection(SolutionConfigurationPlatforms) = preSolution
		Debug|Any CPU = Debug|Any CPU
		Release|Any CPU = Release|Any CPU
	EndGlobalSection
	GlobalSection(ProjectConfigurationPlatforms) = postSolution
		{2B6B4E11-7AD4-4485-A356-5A239F106269}.Debug|Any CPU.ActiveCfg = Debug|Any CPU
		{2B6B4E11-7AD4-4485-A356-5A239F106269}.Debug|Any CPU.Build.0 = Debug|Any CPU
		{2B6B4E11-7AD4-4485-A356-5A239F106269}.Release|Any CPU.ActiveCfg = Release|Any CPU
		{2B6B4E11-7AD4-4485-A356-5A239F106269}.Release|Any CPU.Build.0 = Release|Any CPU
	EndGlobalSection
	GlobalSection(SolutionProperties) = preSolution
		HideSolutionNode = FALSE
	EndGlobalSection
	GlobalSection(ExtensibilityGlobals) = postSolution
		SolutionGuid = {9F06EA69-B5E7-46E3-8F23-3DEBD0021882}
	EndGlobalSection
	GlobalSection(SubversionScc) = preSolution
		Svn-Managed = True
		Manager = AnkhSVN - Subversion Support for Visual Studio
	EndGlobalSection
EndGlobal
